
Microsoft Visual Studio Solution File, Format Version 12.00
# Visual Studio Version 17
VisualStudioVersion = 17.6.33829.357
MinimumVisualStudioVersion = 10.0.40219.1
Project("{FAE04EC0-301F-11D3-BF4B-00C04F79EFBC}") = "MachingGame", "MachingGame\MachingGame.csproj", "{60B546CF-8C4B-4620-849D-902904E2FE1E}"
EndProject
Global
	GlobalSection(SolutionConfigurationPlatforms) = preSolution
		Debug|Any CPU = Debug|Any CPU
		Release|Any CPU = Release|Any CPU
	EndGlobalSection
	GlobalSection(ProjectConfigurationPlatforms) = postSolution
		{60B546CF-8C4B-4620-849D-902904E2FE1E}.Debug|Any CPU.ActiveCfg = Debug|Any CPU
		{60B546CF-8C4B-4620-849D-902904E2FE1E}.Debug|Any CPU.Build.0 = Debug|Any CPU
		{60B546CF-8C4B-4620-849D-902904E2FE1E}.Release|Any CPU.ActiveCfg = Release|Any CPU
		{60B546CF-8C4B-4620-849D-902904E2FE1E}.Release|Any CPU.Build.0 = Release|Any CPU
	EndGlobalSection
	GlobalSection(SolutionProperties) = preSolution
		HideSolutionNode = FALSE
	EndGlobalSection
	GlobalSection(ExtensibilityGlobals) = postSolution
		SolutionGuid = {73812DB4-0FE3-49E5-BC61-33D4512D1235}
	EndGlobalSection
EndGlobal
